
Microsoft Visual Studio Solution File, Format Version 12.00
# Visual Studio Version 17
VisualStudioVersion = 17.1.32407.343
MinimumVisualStudioVersion = 10.0.40219.1
Project("{9A19103F-16F7-4668-BE54-9A1E7A4F7556}") = "TikhonovWebsite", "TikhonovWebsite\TikhonovWebsite.csproj", "{4CF74684-30D6-4CA6-97A9-749823A5BC5E}"
EndProject
Project("{FAE04EC0-301F-11D3-BF4B-00C04F79EFBC}") = "IntegrationalTesting", "IntegrationalTesting\IntegrationalTesting.csproj", "{E5856FDD-C821-4E76-B724-46686542434E}"
EndProject
Global
	GlobalSection(SolutionConfigurationPlatforms) = preSolution
		Debug|Any CPU = Debug|Any CPU
		Release|Any CPU = Release|Any CPU
	EndGlobalSection
	GlobalSection(ProjectConfigurationPlatforms) = postSolution
		{4CF74684-30D6-4CA6-97A9-749823A5BC5E}.Debug|Any CPU.ActiveCfg = Debug|Any CPU
		{4CF74684-30D6-4CA6-97A9-749823A5BC5E}.Debug|Any CPU.Build.0 = Debug|Any CPU
		{4CF74684-30D6-4CA6-97A9-749823A5BC5E}.Release|Any CPU.ActiveCfg = Release|Any CPU
		{4CF74684-30D6-4CA6-97A9-749823A5BC5E}.Release|Any CPU.Build.0 = Release|Any CPU
		{E5856FDD-C821-4E76-B724-46686542434E}.Debug|Any CPU.ActiveCfg = Debug|Any CPU
		{E5856FDD-C821-4E76-B724-46686542434E}.Debug|Any CPU.Build.0 = Debug|Any CPU
		{E5856FDD-C821-4E76-B724-46686542434E}.Release|Any CPU.ActiveCfg = Release|Any CPU
		{E5856FDD-C821-4E76-B724-46686542434E}.Release|Any CPU.Build.0 = Release|Any CPU
	EndGlobalSection
	GlobalSection(SolutionProperties) = preSolution
		HideSolutionNode = FALSE
	EndGlobalSection
	GlobalSection(ExtensibilityGlobals) = postSolution
		SolutionGuid = {01457E07-46E1-4A35-A2D0-332919BEEB28}
	EndGlobalSection
EndGlobal
